github.com/jgthms/bulma v0.0.0-20200928223852-9928dba42d75/go.mod h1:89FLBKXYFKfOKAoDeUT26V0pHGwzr205cMXAEqtAVOI=
github.com/peaceiris/hugo-mod-bulma v0.1.2 h1:NeOSqatA04bkJxewIjFdEoQlhfBBDtoSl0fh0NS4k+g=
github.com/peaceiris/hugo-mod-bulma v0.1.2/go.mod h1:Oldyip8pv+p8c94jOprxEJ+0+IzDyYi3t/kpZ3txDnM=
