github.com/hakimel/reveal.js v0.0.0-20210609121455-a453ac08a820 h1:PlaA+trKnXBZGK86ECMaJ/fsG1XpXbyf3VA54Dvx34o=
github.com/hakimel/reveal.js v0.0.0-20210609121455-a453ac08a820/go.mod h1:vIoaZ8tJbfDF30DhKf6Dia5ykePO0tETa9Posw8UrOE=
github.com/jaywcjlove/hotkeys v3.8.7+incompatible h1:bHVYgNlsrfgya/U5dQiM703gzZZXzQuvM1B62FPNh2U=
github.com/jaywcjlove/hotkeys v3.8.7+incompatible/go.mod h1:B8sgoHCreUIgvVuJaI5mfsyw/gFV+c+OlJfNbLpdtzQ=
github.com/jgthms/bulma v0.0.0-20210126190202-c5edaea84f28 h1:l23nUHHqgeVca6FSjUvTTYy0zbQkvXL5v3gsFxoOT3c=
github.com/jgthms/bulma v0.0.0-20210126190202-c5edaea84f28/go.mod h1:89FLBKXYFKfOKAoDeUT26V0pHGwzr205cMXAEqtAVOI=
github.com/mathjax/MathJax v0.0.0-20210617144258-7146ffa47956/go.mod h1:bgp6XP7Dtl25/x6vVIPVe2mkOCrg8wMk/A9gl0FzJLA=
github.com/mermaid-js/mermaid v8.8.5-0.20210510161447-417428aceada+incompatible h1:4Tj/rDuxLhM9qLSPb0Z3ijdgtF/a1+FDzTpJlISTQxc=
github.com/mermaid-js/mermaid v8.8.5-0.20210510161447-417428aceada+incompatible/go.mod h1:pGJSm9DYANtp59DADJgNzFh1uIpkn5xaH3ZBdv1VNTI=
github.com/peaceiris/hugo-mod-bulma v0.2.0 h1:0Pyx3zT9+1nzYY5eT5JMmL+XGnhL1OFx7LTsSZbKOss=
github.com/peaceiris/hugo-mod-bulma v0.2.0/go.mod h1:sjw6OFwTiXqh6S26Wk6GYjlSlwgKjYZ06+Bj29FLIqQ=
github.com/peaceiris/hugo-mod-mathjax v0.2.0 h1:GHsEarZ7Ko1UD9HJ1pjXQ/Ic+3ChGDuGmvYylWlQNwM=
github.com/peaceiris/hugo-mod-mathjax v0.2.0/go.mod h1:7FJooVihcCuB6+9lBZ6+rFaUu2VrpOTqO5xybz6sRxY=
github.com/peaceiris/hugo-mod-mermaidjs v0.9.0 h1:McUfF8bAmVYnQv1iX+7ds25e9L44o/49vEbFAHQ71wA=
github.com/peaceiris/hugo-mod-mermaidjs v0.9.0/go.mod h1:P49aHKrQgzZhguUe5Zd9rQDzsm4rzQZWyYMH7IGF8/I=
github.com/peaceiris/hugo-mod-revealjs v0.4.0 h1:V0ko0Op3kDMTJ3Cuegb+Uyv3UwyYJtCLmb+K7bPiRvM=
github.com/peaceiris/hugo-mod-revealjs v0.4.0/go.mod h1:XtjBQXghMXua1iwSngEoy4q0MV36q5+qmS0rrNAFJLg=
