github.com/jgthms/bulma v0.0.0-20200928223852-9928dba42d75/go.mod h1:89FLBKXYFKfOKAoDeUT26V0pHGwzr205cMXAEqtAVOI=
github.com/peaceiris/hugo-mod-bulma v0.0.0-20200929183528-238b89a9ffdc h1:5SXuqkp54pGGRA9lJKsGSJz2sQuz+AyE8d+T5aJ775w=
github.com/peaceiris/hugo-mod-bulma v0.0.0-20200929183528-238b89a9ffdc/go.mod h1:Oldyip8pv+p8c94jOprxEJ+0+IzDyYi3t/kpZ3txDnM=
github.com/peaceiris/hugo-mod-bulma v0.1.0 h1:TLfXZaS9Dmzko7l79Ish4D3WxIzwXrrtRRofuR8j8Wk=
github.com/peaceiris/hugo-mod-bulma v0.1.0/go.mod h1:Oldyip8pv+p8c94jOprxEJ+0+IzDyYi3t/kpZ3txDnM=
