{
  "name": "examplesite",
  "version": "0.0.0",
  "lockfileVersion": 2,
  "requires": true,
  "packages": {
    "": {
      "name": "examplesite",
      "version": "0.0.0",
      "license": "MIT",
      "dependencies": {
        "bulma": "^0.9.3",
        "mathjax": "^3.2.0",
        "reveal.js": "^4.0.2"
      }
    },
    "node_modules/bulma": {
      "version": "0.9.3",
      "resolved": "https://registry.npmjs.org/bulma/-/bulma-0.9.3.tgz",
      "integrity": "sha512-0d7GNW1PY4ud8TWxdNcP6Cc8Bu7MxcntD/RRLGWuiw/s0a9P+XlH/6QoOIrmbj6o8WWJzJYhytiu9nFjTszk1g=="
    },
    "node_modules/mathjax": {
      "version": "3.2.0",
      "resolved": "https://registry.npmjs.org/mathjax/-/mathjax-3.2.0.tgz",
      "integrity": "sha512-PL+rdYRK4Wxif+SQ94zP/L0sv6/oW/1WdQiIx0Jvn9FZaU5W9E6nlIv8liYAXBNPL2Fw/i+o/mZ1212eSzn0Cw=="
    },
    "node_modules/reveal.js": {
      "version": "4.3.1",
      "resolved": "https://registry.npmjs.org/reveal.js/-/reveal.js-4.3.1.tgz",
      "integrity": "sha512-1kyEnWeUkaCdBdX//XXq9dtBK95ppvIlSwlHelrP8/wrX6LcsYp4HT9WTFoFEOUBfVqkm8C2aHQ367o+UKfcxw==",
      "engines": {
        "node": ">=10.0.0"
      }
    }
  },
  "dependencies": {
    "bulma": {
      "version": "0.9.3",
      "resolved": "https://registry.npmjs.org/bulma/-/bulma-0.9.3.tgz",
      "integrity": "sha512-0d7GNW1PY4ud8TWxdNcP6Cc8Bu7MxcntD/RRLGWuiw/s0a9P+XlH/6QoOIrmbj6o8WWJzJYhytiu9nFjTszk1g=="
    },
    "mathjax": {
      "version": "3.2.0",
      "resolved": "https://registry.npmjs.org/mathjax/-/mathjax-3.2.0.tgz",
      "integrity": "sha512-PL+rdYRK4Wxif+SQ94zP/L0sv6/oW/1WdQiIx0Jvn9FZaU5W9E6nlIv8liYAXBNPL2Fw/i+o/mZ1212eSzn0Cw=="
    },
    "reveal.js": {
      "version": "4.3.1",
      "resolved": "https://registry.npmjs.org/reveal.js/-/reveal.js-4.3.1.tgz",
      "integrity": "sha512-1kyEnWeUkaCdBdX//XXq9dtBK95ppvIlSwlHelrP8/wrX6LcsYp4HT9WTFoFEOUBfVqkm8C2aHQ367o+UKfcxw=="
    }
  }
}
