{
  "name": "examplesite",
  "version": "0.0.0",
  "lockfileVersion": 2,
  "requires": true,
  "packages": {
    "": {
      "name": "examplesite",
      "version": "0.0.0",
      "license": "MIT",
      "dependencies": {
        "bulma": "^0.9.3",
        "mathjax": "^3.2.0"
      }
    },
    "node_modules/bulma": {
      "version": "0.9.3",
      "resolved": "https://registry.npmjs.org/bulma/-/bulma-0.9.3.tgz",
      "integrity": "sha512-0d7GNW1PY4ud8TWxdNcP6Cc8Bu7MxcntD/RRLGWuiw/s0a9P+XlH/6QoOIrmbj6o8WWJzJYhytiu9nFjTszk1g=="
    },
    "node_modules/mathjax": {
      "version": "3.2.0",
      "resolved": "https://registry.npmjs.org/mathjax/-/mathjax-3.2.0.tgz",
      "integrity": "sha512-PL+rdYRK4Wxif+SQ94zP/L0sv6/oW/1WdQiIx0Jvn9FZaU5W9E6nlIv8liYAXBNPL2Fw/i+o/mZ1212eSzn0Cw=="
    }
  },
  "dependencies": {
    "bulma": {
      "version": "0.9.3",
      "resolved": "https://registry.npmjs.org/bulma/-/bulma-0.9.3.tgz",
      "integrity": "sha512-0d7GNW1PY4ud8TWxdNcP6Cc8Bu7MxcntD/RRLGWuiw/s0a9P+XlH/6QoOIrmbj6o8WWJzJYhytiu9nFjTszk1g=="
    },
    "mathjax": {
      "version": "3.2.0",
      "resolved": "https://registry.npmjs.org/mathjax/-/mathjax-3.2.0.tgz",
      "integrity": "sha512-PL+rdYRK4Wxif+SQ94zP/L0sv6/oW/1WdQiIx0Jvn9FZaU5W9E6nlIv8liYAXBNPL2Fw/i+o/mZ1212eSzn0Cw=="
    }
  }
}
